
Microsoft Visual Studio Solution File, Format Version 12.00
# Visual Studio Version 17
VisualStudioVersion = 17.8.34330.188
MinimumVisualStudioVersion = 10.0.40219.1
Project("{9A19103F-16F7-4668-BE54-9A1E7A4F7556}") = "LabirintusCLI", "LabirintusCLI\LabirintusCLI.csproj", "{F7D335F4-6F22-4C3F-AD59-849B2DD29F4D}"
EndProject
Project("{FAE04EC0-301F-11D3-BF4B-00C04F79EFBC}") = "LabirintusGUI", "LabirintusGUI\LabirintusGUI.csproj", "{46FC6254-C7BF-4139-A3E5-B4BB6EA7C081}"
EndProject
Global
	GlobalSection(SolutionConfigurationPlatforms) = preSolution
		Debug|Any CPU = Debug|Any CPU
		Release|Any CPU = Release|Any CPU
	EndGlobalSection
	GlobalSection(ProjectConfigurationPlatforms) = postSolution
		{F7D335F4-6F22-4C3F-AD59-849B2DD29F4D}.Debug|Any CPU.ActiveCfg = Debug|Any CPU
		{F7D335F4-6F22-4C3F-AD59-849B2DD29F4D}.Debug|Any CPU.Build.0 = Debug|Any CPU
		{F7D335F4-6F22-4C3F-AD59-849B2DD29F4D}.Release|Any CPU.ActiveCfg = Release|Any CPU
		{F7D335F4-6F22-4C3F-AD59-849B2DD29F4D}.Release|Any CPU.Build.0 = Release|Any CPU
		{46FC6254-C7BF-4139-A3E5-B4BB6EA7C081}.Debug|Any CPU.ActiveCfg = Debug|Any CPU
		{46FC6254-C7BF-4139-A3E5-B4BB6EA7C081}.Debug|Any CPU.Build.0 = Debug|Any CPU
		{46FC6254-C7BF-4139-A3E5-B4BB6EA7C081}.Release|Any CPU.ActiveCfg = Release|Any CPU
		{46FC6254-C7BF-4139-A3E5-B4BB6EA7C081}.Release|Any CPU.Build.0 = Release|Any CPU
	EndGlobalSection
	GlobalSection(SolutionProperties) = preSolution
		HideSolutionNode = FALSE
	EndGlobalSection
	GlobalSection(ExtensibilityGlobals) = postSolution
		SolutionGuid = {9B06370B-F99F-41CD-9053-E413E878D3A3}
	EndGlobalSection
EndGlobal
